
Microsoft Visual Studio Solution File, Format Version 12.00
# Visual Studio 15
VisualStudioVersion = 15.0.27703.2042
MinimumVisualStudioVersion = 10.0.40219.1
Project("{888888A0-9F3D-457C-B088-3A5042F75D52}") = "psenet-MTWI", "psenet-MTWI.pyproj", "{04583868-8314-40B6-B5D8-2728F11B5168}"
EndProject
Global
	GlobalSection(SolutionConfigurationPlatforms) = preSolution
		Debug|Any CPU = Debug|Any CPU
		Release|Any CPU = Release|Any CPU
	EndGlobalSection
	GlobalSection(ProjectConfigurationPlatforms) = postSolution
		{04583868-8314-40B6-B5D8-2728F11B5168}.Debug|Any CPU.ActiveCfg = Debug|Any CPU
		{04583868-8314-40B6-B5D8-2728F11B5168}.Release|Any CPU.ActiveCfg = Release|Any CPU
	EndGlobalSection
	GlobalSection(SolutionProperties) = preSolution
		HideSolutionNode = FALSE
	EndGlobalSection
	GlobalSection(ExtensibilityGlobals) = postSolution
		SolutionGuid = {6C372C9A-C69D-451C-8EC2-1890C411E9ED}
	EndGlobalSection
EndGlobal
